
Microsoft Visual Studio Solution File, Format Version 12.00
# Visual Studio Version 16
VisualStudioVersion = 16.0.30907.101
MinimumVisualStudioVersion = 10.0.40219.1
Project("{FAE04EC0-301F-11D3-BF4B-00C04F79EFBC}") = "Services_Ejer9_NumberGame", "Services_Ejer9_NumberGame\Services_Ejer9_NumberGame.csproj", "{1EF213D0-80A1-4B61-9499-FFB8C4E7E489}"
EndProject
Global
	GlobalSection(SolutionConfigurationPlatforms) = preSolution
		Debug|Any CPU = Debug|Any CPU
		Release|Any CPU = Release|Any CPU
	EndGlobalSection
	GlobalSection(ProjectConfigurationPlatforms) = postSolution
		{1EF213D0-80A1-4B61-9499-FFB8C4E7E489}.Debug|Any CPU.ActiveCfg = Debug|Any CPU
		{1EF213D0-80A1-4B61-9499-FFB8C4E7E489}.Debug|Any CPU.Build.0 = Debug|Any CPU
		{1EF213D0-80A1-4B61-9499-FFB8C4E7E489}.Release|Any CPU.ActiveCfg = Release|Any CPU
		{1EF213D0-80A1-4B61-9499-FFB8C4E7E489}.Release|Any CPU.Build.0 = Release|Any CPU
	EndGlobalSection
	GlobalSection(SolutionProperties) = preSolution
		HideSolutionNode = FALSE
	EndGlobalSection
	GlobalSection(ExtensibilityGlobals) = postSolution
		SolutionGuid = {27FD543B-1900-4710-B2EF-147FFF58AB52}
	EndGlobalSection
EndGlobal
